
Microsoft Visual Studio Solution File, Format Version 12.00
# Visual Studio Version 17
VisualStudioVersion = 17.2.32602.215
MinimumVisualStudioVersion = 10.0.40219.1
Project("{FAE04EC0-301F-11D3-BF4B-00C04F79EFBC}") = "PartyMaker", "BE\PartyMaker\PartyMaker.csproj", "{AADA0D2F-9F94-4A12-BBD4-F85E9CBCDCB3}"
EndProject
Project("{FAE04EC0-301F-11D3-BF4B-00C04F79EFBC}") = "PartyMaker.Application", "BE\PartyMaker.Application\PartyMaker.Application.csproj", "{9E4528A5-5218-4D3C-BBD1-20EB64CD2165}"
EndProject
Project("{FAE04EC0-301F-11D3-BF4B-00C04F79EFBC}") = "PartyMaker.Domain", "BE\PartyMaker.Domain\PartyMaker.Domain.csproj", "{3BE4B7A9-6C82-48E3-B9F4-8D2913753CCA}"
EndProject
Project("{FAE04EC0-301F-11D3-BF4B-00C04F79EFBC}") = "PartyMaker.Infrastructure", "BE\PartyMaker.Infrastructure\PartyMaker.Infrastructure.csproj", "{10299107-8846-4926-988B-94003A3533E4}"
EndProject
Global
	GlobalSection(SolutionConfigurationPlatforms) = preSolution
		Debug|Any CPU = Debug|Any CPU
		Release|Any CPU = Release|Any CPU
	EndGlobalSection
	GlobalSection(ProjectConfigurationPlatforms) = postSolution
		{AADA0D2F-9F94-4A12-BBD4-F85E9CBCDCB3}.Debug|Any CPU.ActiveCfg = Debug|Any CPU
		{AADA0D2F-9F94-4A12-BBD4-F85E9CBCDCB3}.Debug|Any CPU.Build.0 = Debug|Any CPU
		{AADA0D2F-9F94-4A12-BBD4-F85E9CBCDCB3}.Release|Any CPU.ActiveCfg = Release|Any CPU
		{AADA0D2F-9F94-4A12-BBD4-F85E9CBCDCB3}.Release|Any CPU.Build.0 = Release|Any CPU
		{9E4528A5-5218-4D3C-BBD1-20EB64CD2165}.Debug|Any CPU.ActiveCfg = Debug|Any CPU
		{9E4528A5-5218-4D3C-BBD1-20EB64CD2165}.Debug|Any CPU.Build.0 = Debug|Any CPU
		{9E4528A5-5218-4D3C-BBD1-20EB64CD2165}.Release|Any CPU.ActiveCfg = Release|Any CPU
		{9E4528A5-5218-4D3C-BBD1-20EB64CD2165}.Release|Any CPU.Build.0 = Release|Any CPU
		{3BE4B7A9-6C82-48E3-B9F4-8D2913753CCA}.Debug|Any CPU.ActiveCfg = Debug|Any CPU
		{3BE4B7A9-6C82-48E3-B9F4-8D2913753CCA}.Debug|Any CPU.Build.0 = Debug|Any CPU
		{3BE4B7A9-6C82-48E3-B9F4-8D2913753CCA}.Release|Any CPU.ActiveCfg = Release|Any CPU
		{3BE4B7A9-6C82-48E3-B9F4-8D2913753CCA}.Release|Any CPU.Build.0 = Release|Any CPU
		{10299107-8846-4926-988B-94003A3533E4}.Debug|Any CPU.ActiveCfg = Debug|Any CPU
		{10299107-8846-4926-988B-94003A3533E4}.Debug|Any CPU.Build.0 = Debug|Any CPU
		{10299107-8846-4926-988B-94003A3533E4}.Release|Any CPU.ActiveCfg = Release|Any CPU
		{10299107-8846-4926-988B-94003A3533E4}.Release|Any CPU.Build.0 = Release|Any CPU
	EndGlobalSection
	GlobalSection(SolutionProperties) = preSolution
		HideSolutionNode = FALSE
	EndGlobalSection
	GlobalSection(ExtensibilityGlobals) = postSolution
		SolutionGuid = {A7326159-441F-4944-AD47-4643B8527E75}
	EndGlobalSection
EndGlobal
